// !$*UTF8*$!
{
	archiveVersion = 1;
	classes = {
	};
	objectVersion = 50;
	objects = {

/* Begin PBXBuildFile section */
		6961D8D8293E04BB009BE0A0 /* AppDelegate.swift in Sources */ = {isa = PBXBuildFile; fileRef = 6961D8D7293E04BB009BE0A0 /* AppDelegate.swift */; };
		6961D8DA293E04BB009BE0A0 /* SceneDelegate.swift in Sources */ = {isa = PBXBuildFile; fileRef = 6961D8D9293E04BB009BE0A0 /* SceneDelegate.swift */; };
		6961D8DC293E04BB009BE0A0 /* ViewController.swift in Sources */ = {isa = PBXBuildFile; fileRef = 6961D8DB293E04BB009BE0A0 /* ViewController.swift */; };
		6961D8DF293E04BB009BE0A0 /* Main.storyboard in Resources */ = {isa = PBXBuildFile; fileRef = 6961D8DD293E04BB009BE0A0 /* Main.storyboard */; };
		6961D8E1293E04C5009BE0A0 /* Assets.xcassets in Resources */ = {isa = PBXBuildFile; fileRef = 6961D8E0293E04C5009BE0A0 /* Assets.xcassets */; };
		6961D8E4293E04C5009BE0A0 /* LaunchScreen.storyboard in Resources */ = {isa = PBXBuildFile; fileRef = 6961D8E2293E04C5009BE0A0 /* LaunchScreen.storyboard */; };
		6961D8EF293E04C6009BE0A0 /* customCellTests.swift in Sources */ = {isa = PBXBuildFile; fileRef = 6961D8EE293E04C6009BE0A0 /* customCellTests.swift */; };
		6961D8FA293E04C6009BE0A0 /* customCellUITests.swift in Sources */ = {isa = PBXBuildFile; fileRef = 6961D8F9293E04C6009BE0A0 /* customCellUITests.swift */; };
		69957BA0293E1E030088F5D8 /* DemoTableViewCell.swift in Sources */ = {isa = PBXBuildFile; fileRef = 69957B9E293E1E030088F5D8 /* DemoTableViewCell.swift */; };
		69957BA1293E1E030088F5D8 /* DemoTableViewCell.xib in Resources */ = {isa = PBXBuildFile; fileRef = 69957B9F293E1E030088F5D8 /* DemoTableViewCell.xib */; };
/* End PBXBuildFile section */

/* Begin PBXContainerItemProxy section */
		6961D8EB293E04C6009BE0A0 /* PBXContainerItemProxy */ = {
			isa = PBXContainerItemProxy;
			containerPortal = 6961D8CC293E04BB009BE0A0 /* Project object */;
			proxyType = 1;
			remoteGlobalIDString = 6961D8D3293E04BB009BE0A0;
			remoteInfo = customCell;
		};
		6961D8F6293E04C6009BE0A0 /* PBXContainerItemProxy */ = {
			isa = PBXContainerItemProxy;
			containerPortal = 6961D8CC293E04BB009BE0A0 /* Project object */;
			proxyType = 1;
			remoteGlobalIDString = 6961D8D3293E04BB009BE0A0;
			remoteInfo = customCell;
		};
/* End PBXContainerItemProxy section */

/* Begin PBXFileReference section */
		6961D8D4293E04BB009BE0A0 /* customCell.app */ = {isa = PBXFileReference; explicitFileType = wrapper.application; includeInIndex = 0; path = customCell.app; sourceTree = BUILT_PRODUCTS_DIR; };
		6961D8D7293E04BB009BE0A0 /* AppDelegate.swift */ = {isa = PBXFileReference; lastKnownFileType = sourcecode.swift; path = AppDelegate.swift; sourceTree = "<group>"; };
		6961D8D9293E04BB009BE0A0 /* SceneDelegate.swift */ = {isa = PBXFileReference; lastKnownFileType = sourcecode.swift; path = SceneDelegate.swift; sourceTree = "<group>"; };
		6961D8DB293E04BB009BE0A0 /* ViewController.swift */ = {isa = PBXFileReference; lastKnownFileType = sourcecode.swift; path = ViewController.swift; sourceTree = "<group>"; };
		6961D8DE293E04BB009BE0A0 /* Base */ = {isa = PBXFileReference; lastKnownFileType = file.storyboard; name = Base; path = Base.lproj/Main.storyboard; sourceTree = "<group>"; };
		6961D8E0293E04C5009BE0A0 /* Assets.xcassets */ = {isa = PBXFileReference; lastKnownFileType = folder.assetcatalog; path = Assets.xcassets; sourceTree = "<group>"; };
		6961D8E3293E04C5009BE0A0 /* Base */ = {isa = PBXFileReference; lastKnownFileType = file.storyboard; name = Base; path = Base.lproj/LaunchScreen.storyboard; sourceTree = "<group>"; };
		6961D8E5293E04C5009BE0A0 /* Info.plist */ = {isa = PBXFileReference; lastKnownFileType = text.plist.xml; path = Info.plist; sourceTree = "<group>"; };
		6961D8EA293E04C6009BE0A0 /* customCellTests.xctest */ = {isa = PBXFileReference; explicitFileType = wrapper.cfbundle; includeInIndex = 0; path = customCellTests.xctest; sourceTree = BUILT_PRODUCTS_DIR; };
		6961D8EE293E04C6009BE0A0 /* customCellTests.swift */ = {isa = PBXFileReference; lastKnownFileType = sourcecode.swift; path = customCellTests.swift; sourceTree = "<group>"; };
		6961D8F0293E04C6009BE0A0 /* Info.plist */ = {isa = PBXFileReference; lastKnownFileType = text.plist.xml; path = Info.plist; sourceTree = "<group>"; };
		6961D8F5293E04C6009BE0A0 /* customCellUITests.xctest */ = {isa = PBXFileReference; explicitFileType = wrapper.cfbundle; includeInIndex = 0; path = customCellUITests.xctest; sourceTree = BUILT_PRODUCTS_DIR; };
		6961D8F9293E04C6009BE0A0 /* customCellUITests.swift */ = {isa = PBXFileReference; lastKnownFileType = sourcecode.swift; path = customCellUITests.swift; sourceTree = "<group>"; };
		6961D8FB293E04C6009BE0A0 /* Info.plist */ = {isa = PBXFileReference; lastKnownFileType = text.plist.xml; path = Info.plist; sourceTree = "<group>"; };
		69957B9E293E1E030088F5D8 /* DemoTableViewCell.swift */ = {isa = PBXFileReference; lastKnownFileType = sourcecode.swift; path = DemoTableViewCell.swift; sourceTree = "<group>"; };
		69957B9F293E1E030088F5D8 /* DemoTableViewCell.xib */ = {isa = PBXFileReference; lastKnownFileType = file.xib; path = DemoTableViewCell.xib; sourceTree = "<group>"; };
/* End PBXFileReference section */

/* Begin PBXFrameworksBuildPhase section */
		6961D8D1293E04BB009BE0A0 /* Frameworks */ = {
			isa = PBXFrameworksBuildPhase;
			buildActionMask = 2147483647;
			files = (
			);
			runOnlyForDeploymentPostprocessing = 0;
		};
		6961D8E7293E04C6009BE0A0 /* Frameworks */ = {
			isa = PBXFrameworksBuildPhase;
			buildActionMask = 2147483647;
			files = (
			);
			runOnlyForDeploymentPostprocessing = 0;
		};
		6961D8F2293E04C6009BE0A0 /* Frameworks */ = {
			isa = PBXFrameworksBuildPhase;
			buildActionMask = 2147483647;
			files = (
			);
			runOnlyForDeploymentPostprocessing = 0;
		};
/* End PBXFrameworksBuildPhase section */

/* Begin PBXGroup section */
		6961D8CB293E04BB009BE0A0 = {
			isa = PBXGroup;
			children = (
				6961D8D6293E04BB009BE0A0 /* customCell */,
				6961D8ED293E04C6009BE0A0 /* customCellTests */,
				6961D8F8293E04C6009BE0A0 /* customCellUITests */,
				6961D8D5293E04BB009BE0A0 /* Products */,
			);
			sourceTree = "<group>";
		};
		6961D8D5293E04BB009BE0A0 /* Products */ = {
			isa = PBXGroup;
			children = (
				6961D8D4293E04BB009BE0A0 /* customCell.app */,
				6961D8EA293E04C6009BE0A0 /* customCellTests.xctest */,
				6961D8F5293E04C6009BE0A0 /* customCellUITests.xctest */,
			);
			name = Products;
			sourceTree = "<group>";
		};
		6961D8D6293E04BB009BE0A0 /* customCell */ = {
			isa = PBXGroup;
			children = (
				6961D8D7293E04BB009BE0A0 /* AppDelegate.swift */,
				6961D8D9293E04BB009BE0A0 /* SceneDelegate.swift */,
				6961D8DB293E04BB009BE0A0 /* ViewController.swift */,
				6961D8DD293E04BB009BE0A0 /* Main.storyboard */,
				6961D8E0293E04C5009BE0A0 /* Assets.xcassets */,
				6961D8E2293E04C5009BE0A0 /* LaunchScreen.storyboard */,
				6961D8E5293E04C5009BE0A0 /* Info.plist */,
				69957B9E293E1E030088F5D8 /* DemoTableViewCell.swift */,
				69957B9F293E1E030088F5D8 /* DemoTableViewCell.xib */,
			);
			path = customCell;
			sourceTree = "<group>";
		};
		6961D8ED293E04C6009BE0A0 /* customCellTests */ = {
			isa = PBXGroup;
			children = (
				6961D8EE293E04C6009BE0A0 /* customCellTests.swift */,
				6961D8F0293E04C6009BE0A0 /* Info.plist */,
			);
			path = customCellTests;
			sourceTree = "<group>";
		};
		6961D8F8293E04C6009BE0A0 /* customCellUITests */ = {
			isa = PBXGroup;
			children = (
				6961D8F9293E04C6009BE0A0 /* customCellUITests.swift */,
				6961D8FB293E04C6009BE0A0 /* Info.plist */,
			);
			path = customCellUITests;
			sourceTree = "<group>";
		};
/* End PBXGroup section */

/* Begin PBXNativeTarget section */
		6961D8D3293E04BB009BE0A0 /* customCell */ = {
			isa = PBXNativeTarget;
			buildConfigurationList = 6961D8FE293E04C6009BE0A0 /* Build configuration list for PBXNativeTarget "customCell" */;
			buildPhases = (
				6961D8D0293E04BB009BE0A0 /* Sources */,
				6961D8D1293E04BB009BE0A0 /* Frameworks */,
				6961D8D2293E04BB009BE0A0 /* Resources */,
			);
			buildRules = (
			);
			dependencies = (
			);
			name = customCell;
			productName = customCell;
			productReference = 6961D8D4293E04BB009BE0A0 /* customCell.app */;
			productType = "com.apple.product-type.application";
		};
		6961D8E9293E04C6009BE0A0 /* customCellTests */ = {
			isa = PBXNativeTarget;
			buildConfigurationList = 6961D901293E04C6009BE0A0 /* Build configuration list for PBXNativeTarget "customCellTests" */;
			buildPhases = (
				6961D8E6293E04C6009BE0A0 /* Sources */,
				6961D8E7293E04C6009BE0A0 /* Frameworks */,
				6961D8E8293E04C6009BE0A0 /* Resources */,
			);
			buildRules = (
			);
			dependencies = (
				6961D8EC293E04C6009BE0A0 /* PBXTargetDependency */,
			);
			name = customCellTests;
			productName = customCellTests;
			productReference = 6961D8EA293E04C6009BE0A0 /* customCellTests.xctest */;
			productType = "com.apple.product-type.bundle.unit-test";
		};
		6961D8F4293E04C6009BE0A0 /* customCellUITests */ = {
			isa = PBXNativeTarget;
			buildConfigurationList = 6961D904293E04C6009BE0A0 /* Build configuration list for PBXNativeTarget "customCellUITests" */;
			buildPhases = (
				6961D8F1293E04C6009BE0A0 /* Sources */,
				6961D8F2293E04C6009BE0A0 /* Frameworks */,
				6961D8F3293E04C6009BE0A0 /* Resources */,
			);
			buildRules = (
			);
			dependencies = (
				6961D8F7293E04C6009BE0A0 /* PBXTargetDependency */,
			);
			name = customCellUITests;
			productName = customCellUITests;
			productReference = 6961D8F5293E04C6009BE0A0 /* customCellUITests.xctest */;
			productType = "com.apple.product-type.bundle.ui-testing";
		};
/* End PBXNativeTarget section */

/* Begin PBXProject section */
		6961D8CC293E04BB009BE0A0 /* Project object */ = {
			isa = PBXProject;
			attributes = {
				LastSwiftUpdateCheck = 1240;
				LastUpgradeCheck = 1240;
				TargetAttributes = {
					6961D8D3293E04BB009BE0A0 = {
						CreatedOnToolsVersion = 12.4;
					};
					6961D8E9293E04C6009BE0A0 = {
						CreatedOnToolsVersion = 12.4;
						TestTargetID = 6961D8D3293E04BB009BE0A0;
					};
					6961D8F4293E04C6009BE0A0 = {
						CreatedOnToolsVersion = 12.4;
						TestTargetID = 6961D8D3293E04BB009BE0A0;
					};
				};
			};
			buildConfigurationList = 6961D8CF293E04BB009BE0A0 /* Build configuration list for PBXProject "customCell" */;
			compatibilityVersion = "Xcode 9.3";
			developmentRegion = en;
			hasScannedForEncodings = 0;
			knownRegions = (
				en,
				Base,
			);
			mainGroup = 6961D8CB293E04BB009BE0A0;
			productRefGroup = 6961D8D5293E04BB009BE0A0 /* Products */;
			projectDirPath = "";
			projectRoot = "";
			targets = (
				6961D8D3293E04BB009BE0A0 /* customCell */,
				6961D8E9293E04C6009BE0A0 /* customCellTests */,
				6961D8F4293E04C6009BE0A0 /* customCellUITests */,
			);
		};
/* End PBXProject section */

/* Begin PBXResourcesBuildPhase section */
		6961D8D2293E04BB009BE0A0 /* Resources */ = {
			isa = PBXResourcesBuildPhase;
			buildActionMask = 2147483647;
			files = (
				6961D8E4293E04C5009BE0A0 /* LaunchScreen.storyboard in Resources */,
				6961D8E1293E04C5009BE0A0 /* Assets.xcassets in Resources */,
				69957BA1293E1E030088F5D8 /* DemoTableViewCell.xib in Resources */,
				6961D8DF293E04BB009BE0A0 /* Main.storyboard in Resources */,
			);
			runOnlyForDeploymentPostprocessing = 0;
		};
		6961D8E8293E04C6009BE0A0 /* Resources */ = {
			isa = PBXResourcesBuildPhase;
			buildActionMask = 2147483647;
			files = (
			);
			runOnlyForDeploymentPostprocessing = 0;
		};
		6961D8F3293E04C6009BE0A0 /* Resources */ = {
			isa = PBXResourcesBuildPhase;
			buildActionMask = 2147483647;
			files = (
			);
			runOnlyForDeploymentPostprocessing = 0;
		};
/* End PBXResourcesBuildPhase section */

/* Begin PBXSourcesBuildPhase section */
		6961D8D0293E04BB009BE0A0 /* Sources */ = {
			isa = PBXSourcesBuildPhase;
			buildActionMask = 2147483647;
			files = (
				6961D8DC293E04BB009BE0A0 /* ViewController.swift in Sources */,
				6961D8D8293E04BB009BE0A0 /* AppDelegate.swift in Sources */,
				69957BA0293E1E030088F5D8 /* DemoTableViewCell.swift in Sources */,
				6961D8DA293E04BB009BE0A0 /* SceneDelegate.swift in Sources */,
			);
			runOnlyForDeploymentPostprocessing = 0;
		};
		6961D8E6293E04C6009BE0A0 /* Sources */ = {
			isa = PBXSourcesBuildPhase;
			buildActionMask = 2147483647;
			files = (
				6961D8EF293E04C6009BE0A0 /* customCellTests.swift in Sources */,
			);
			runOnlyForDeploymentPostprocessing = 0;
		};
		6961D8F1293E04C6009BE0A0 /* Sources */ = {
			isa = PBXSourcesBuildPhase;
			buildActionMask = 2147483647;
			files = (
				6961D8FA293E04C6009BE0A0 /* customCellUITests.swift in Sources */,
			);
			runOnlyForDeploymentPostprocessing = 0;
		};
/* End PBXSourcesBuildPhase section */

/* Begin PBXTargetDependency section */
		6961D8EC293E04C6009BE0A0 /* PBXTargetDependency */ = {
			isa = PBXTargetDependency;
			target = 6961D8D3293E04BB009BE0A0 /* customCell */;
			targetProxy = 6961D8EB293E04C6009BE0A0 /* PBXContainerItemProxy */;
		};
		6961D8F7293E04C6009BE0A0 /* PBXTargetDependency */ = {
			isa = PBXTargetDependency;
			target = 6961D8D3293E04BB009BE0A0 /* customCell */;
			targetProxy = 6961D8F6293E04C6009BE0A0 /* PBXContainerItemProxy */;
		};
/* End PBXTargetDependency section */

/* Begin PBXVariantGroup section */
		6961D8DD293E04BB009BE0A0 /* Main.storyboard */ = {
			isa = PBXVariantGroup;
			children = (
				6961D8DE293E04BB009BE0A0 /* Base */,
			);
			name = Main.storyboard;
			sourceTree = "<group>";
		};
		6961D8E2293E04C5009BE0A0 /* LaunchScreen.storyboard */ = {
			isa = PBXVariantGroup;
			children = (
				6961D8E3293E04C5009BE0A0 /* Base */,
			);
			name = LaunchScreen.storyboard;
			sourceTree = "<group>";
		};
/* End PBXVariantGroup section */

/* Begin XCBuildConfiguration section */
		6961D8FC293E04C6009BE0A0 /* Debug */ = {
			isa = XCBuildConfiguration;
			buildSettings = {
				ALWAYS_SEARCH_USER_PATHS = NO;
				CLANG_ANALYZER_NONNULL = YES;
				CLANG_ANALYZER_NUMBER_OBJECT_CONVERSION = YES_AGGRESSIVE;
				CLANG_CXX_LANGUAGE_STANDARD = "gnu++14";
				CLANG_CXX_LIBRARY = "libc++";
				CLANG_ENABLE_MODULES = YES;
				CLANG_ENABLE_OBJC_ARC = YES;
				CLANG_ENABLE_OBJC_WEAK = YES;
				CLANG_WARN_BLOCK_CAPTURE_AUTORELEASING = YES;
				CLANG_WARN_BOOL_CONVERSION = YES;
				CLANG_WARN_COMMA = YES;
				CLANG_WARN_CONSTANT_CONVERSION = YES;
				CLANG_WARN_DEPRECATED_OBJC_IMPLEMENTATIONS = YES;
				CLANG_WARN_DIRECT_OBJC_ISA_USAGE = YES_ERROR;
				CLANG_WARN_DOCUMENTATION_COMMENTS = YES;
				CLANG_WARN_EMPTY_BODY = YES;
				CLANG_WARN_ENUM_CONVERSION = YES;
				CLANG_WARN_INFINITE_RECURSION = YES;
				CLANG_WARN_INT_CONVERSION = YES;
				CLANG_WARN_NON_LITERAL_NULL_CONVERSION = YES;
				CLANG_WARN_OBJC_IMPLICIT_RETAIN_SELF = YES;
				CLANG_WARN_OBJC_LITERAL_CONVERSION = YES;
				CLANG_WARN_OBJC_ROOT_CLASS = YES_ERROR;
				CLANG_WARN_QUOTED_INCLUDE_IN_FRAMEWORK_HEADER = YES;
				CLANG_WARN_RANGE_LOOP_ANALYSIS = YES;
				CLANG_WARN_STRICT_PROTOTYPES = YES;
				CLANG_WARN_SUSPICIOUS_MOVE = YES;
				CLANG_WARN_UNGUARDED_AVAILABILITY = YES_AGGRESSIVE;
				CLANG_WARN_UNREACHABLE_CODE = YES;
				CLANG_WARN__DUPLICATE_METHOD_MATCH = YES;
				COPY_PHASE_STRIP = NO;
				DEBUG_INFORMATION_FORMAT = dwarf;
				ENABLE_STRICT_OBJC_MSGSEND = YES;
				ENABLE_TESTABILITY = YES;
				GCC_C_LANGUAGE_STANDARD = gnu11;
				GCC_DYNAMIC_NO_PIC = NO;
				GCC_NO_COMMON_BLOCKS = YES;
				GCC_OPTIMIZATION_LEVEL = 0;
				GCC_PREPROCESSOR_DEFINITIONS = (
					"DEBUG=1",
					"$(inherited)",
				);
				GCC_WARN_64_TO_32_BIT_CONVERSION = YES;
				GCC_WARN_ABOUT_RETURN_TYPE = YES_ERROR;
				GCC_WARN_UNDECLARED_SELECTOR = YES;
				GCC_WARN_UNINITIALIZED_AUTOS = YES_AGGRESSIVE;
				GCC_WARN_UNUSED_FUNCTION = YES;
				GCC_WARN_UNUSED_VARIABLE = YES;
				IPHONEOS_DEPLOYMENT_TARGET = 14.4;
				MTL_ENABLE_DEBUG_INFO = INCLUDE_SOURCE;
				MTL_FAST_MATH = YES;
				ONLY_ACTIVE_ARCH = YES;
				SDKROOT = iphoneos;
				SWIFT_ACTIVE_COMPILATION_CONDITIONS = DEBUG;
				SWIFT_OPTIMIZATION_LEVEL = "-Onone";
			};
			name = Debug;
		};
		6961D8FD293E04C6009BE0A0 /* Release */ = {
			isa = XCBuildConfiguration;
			buildSettings = {
				ALWAYS_SEARCH_USER_PATHS = NO;
				CLANG_ANALYZER_NONNULL = YES;
				CLANG_ANALYZER_NUMBER_OBJECT_CONVERSION = YES_AGGRESSIVE;
				CLANG_CXX_LANGUAGE_STANDARD = "gnu++14";
				CLANG_CXX_LIBRARY = "libc++";
				CLANG_ENABLE_MODULES = YES;
				CLANG_ENABLE_OBJC_ARC = YES;
				CLANG_ENABLE_OBJC_WEAK = YES;
				CLANG_WARN_BLOCK_CAPTURE_AUTORELEASING = YES;
				CLANG_WARN_BOOL_CONVERSION = YES;
				CLANG_WARN_COMMA = YES;
				CLANG_WARN_CONSTANT_CONVERSION = YES;
				CLANG_WARN_DEPRECATED_OBJC_IMPLEMENTATIONS = YES;
				CLANG_WARN_DIRECT_OBJC_ISA_USAGE = YES_ERROR;
				CLANG_WARN_DOCUMENTATION_COMMENTS = YES;
				CLANG_WARN_EMPTY_BODY = YES;
				CLANG_WARN_ENUM_CONVERSION = YES;
				CLANG_WARN_INFINITE_RECURSION = YES;
				CLANG_WARN_INT_CONVERSION = YES;
				CLANG_WARN_NON_LITERAL_NULL_CONVERSION = YES;
				CLANG_WARN_OBJC_IMPLICIT_RETAIN_SELF = YES;
				CLANG_WARN_OBJC_LITERAL_CONVERSION = YES;
				CLANG_WARN_OBJC_ROOT_CLASS = YES_ERROR;
				CLANG_WARN_QUOTED_INCLUDE_IN_FRAMEWORK_HEADER = YES;
				CLANG_WARN_RANGE_LOOP_ANALYSIS = YES;
				CLANG_WARN_STRICT_PROTOTYPES = YES;
				CLANG_WARN_SUSPICIOUS_MOVE = YES;
				CLANG_WARN_UNGUARDED_AVAILABILITY = YES_AGGRESSIVE;
				CLANG_WARN_UNREACHABLE_CODE = YES;
				CLANG_WARN__DUPLICATE_METHOD_MATCH = YES;
				COPY_PHASE_STRIP = NO;
				DEBUG_INFORMATION_FORMAT = "dwarf-with-dsym";
				ENABLE_NS_ASSERTIONS = NO;
				ENABLE_STRICT_OBJC_MSGSEND = YES;
				GCC_C_LANGUAGE_STANDARD = gnu11;
				GCC_NO_COMMON_BLOCKS = YES;
				GCC_WARN_64_TO_32_BIT_CONVERSION = YES;
				GCC_WARN_ABOUT_RETURN_TYPE = YES_ERROR;
				GCC_WARN_UNDECLARED_SELECTOR = YES;
				GCC_WARN_UNINITIALIZED_AUTOS = YES_AGGRESSIVE;
				GCC_WARN_UNUSED_FUNCTION = YES;
				GCC_WARN_UNUSED_VARIABLE = YES;
				IPHONEOS_DEPLOYMENT_TARGET = 14.4;
				MTL_ENABLE_DEBUG_INFO = NO;
				MTL_FAST_MATH = YES;
				SDKROOT = iphoneos;
				SWIFT_COMPILATION_MODE = wholemodule;
				SWIFT_OPTIMIZATION_LEVEL = "-O";
				VALIDATE_PRODUCT = YES;
			};
			name = Release;
		};
		6961D8FF293E04C6009BE0A0 /* Debug */ = {
			isa = XCBuildConfiguration;
			buildSettings = {
				ASSETCATALOG_COMPILER_APPICON_NAME = AppIcon;
				ASSETCATALOG_COMPILER_GLOBAL_ACCENT_COLOR_NAME = AccentColor;
				CODE_SIGN_STYLE = Automatic;
				INFOPLIST_FILE = customCell/Info.plist;
				LD_RUNPATH_SEARCH_PATHS = (
					"$(inherited)",
					"@executable_path/Frameworks",
				);
				PRODUCT_BUNDLE_IDENTIFIER = com.danashok.Spotify.customCell;
				PRODUCT_NAME = "$(TARGET_NAME)";
				SWIFT_VERSION = 5.0;
				TARGETED_DEVICE_FAMILY = "1,2";
			};
			name = Debug;
		};
		6961D900293E04C6009BE0A0 /* Release */ = {
			isa = XCBuildConfiguration;
			buildSettings = {
				ASSETCATALOG_COMPILER_APPICON_NAME = AppIcon;
				ASSETCATALOG_COMPILER_GLOBAL_ACCENT_COLOR_NAME = AccentColor;
				CODE_SIGN_STYLE = Automatic;
				INFOPLIST_FILE = customCell/Info.plist;
				LD_RUNPATH_SEARCH_PATHS = (
					"$(inherited)",
					"@executable_path/Frameworks",
				);
				PRODUCT_BUNDLE_IDENTIFIER = com.danashok.Spotify.customCell;
				PRODUCT_NAME = "$(TARGET_NAME)";
				SWIFT_VERSION = 5.0;
				TARGETED_DEVICE_FAMILY = "1,2";
			};
			name = Release;
		};
		6961D902293E04C6009BE0A0 /* Debug */ = {
			isa = XCBuildConfiguration;
			buildSettings = {
				ALWAYS_EMBED_SWIFT_STANDARD_LIBRARIES = YES;
				BUNDLE_LOADER = "$(TEST_HOST)";
				CODE_SIGN_STYLE = Automatic;
				INFOPLIST_FILE = customCellTests/Info.plist;
				IPHONEOS_DEPLOYMENT_TARGET = 14.4;
				LD_RUNPATH_SEARCH_PATHS = (
					"$(inherited)",
					"@executable_path/Frameworks",
					"@loader_path/Frameworks",
				);
				PRODUCT_BUNDLE_IDENTIFIER = com.danashok.Spotify.customCellTests;
				PRODUCT_NAME = "$(TARGET_NAME)";
				SWIFT_VERSION = 5.0;
				TARGETED_DEVICE_FAMILY = "1,2";
				TEST_HOST = "$(BUILT_PRODUCTS_DIR)/customCell.app/customCell";
			};
			name = Debug;
		};
		6961D903293E04C6009BE0A0 /* Release */ = {
			isa = XCBuildConfiguration;
			buildSettings = {
				ALWAYS_EMBED_SWIFT_STANDARD_LIBRARIES = YES;
				BUNDLE_LOADER = "$(TEST_HOST)";
				CODE_SIGN_STYLE = Automatic;
				INFOPLIST_FILE = customCellTests/Info.plist;
				IPHONEOS_DEPLOYMENT_TARGET = 14.4;
				LD_RUNPATH_SEARCH_PATHS = (
					"$(inherited)",
					"@executable_path/Frameworks",
					"@loader_path/Frameworks",
				);
				PRODUCT_BUNDLE_IDENTIFIER = com.danashok.Spotify.customCellTests;
				PRODUCT_NAME = "$(TARGET_NAME)";
				SWIFT_VERSION = 5.0;
				TARGETED_DEVICE_FAMILY = "1,2";
				TEST_HOST = "$(BUILT_PRODUCTS_DIR)/customCell.app/customCell";
			};
			name = Release;
		};
		6961D905293E04C6009BE0A0 /* Debug */ = {
			isa = XCBuildConfiguration;
			buildSettings = {
				ALWAYS_EMBED_SWIFT_STANDARD_LIBRARIES = YES;
				CODE_SIGN_STYLE = Automatic;
				INFOPLIST_FILE = customCellUITests/Info.plist;
				LD_RUNPATH_SEARCH_PATHS = (
					"$(inherited)",
					"@executable_path/Frameworks",
					"@loader_path/Frameworks",
				);
				PRODUCT_BUNDLE_IDENTIFIER = com.danashok.Spotify.customCellUITests;
				PRODUCT_NAME = "$(TARGET_NAME)";
				SWIFT_VERSION = 5.0;
				TARGETED_DEVICE_FAMILY = "1,2";
				TEST_TARGET_NAME = customCell;
			};
			name = Debug;
		};
		6961D906293E04C6009BE0A0 /* Release */ = {
			isa = XCBuildConfiguration;
			buildSettings = {
				ALWAYS_EMBED_SWIFT_STANDARD_LIBRARIES = YES;
				CODE_SIGN_STYLE = Automatic;
				INFOPLIST_FILE = customCellUITests/Info.plist;
				LD_RUNPATH_SEARCH_PATHS = (
					"$(inherited)",
					"@executable_path/Frameworks",
					"@loader_path/Frameworks",
				);
				PRODUCT_BUNDLE_IDENTIFIER = com.danashok.Spotify.customCellUITests;
				PRODUCT_NAME = "$(TARGET_NAME)";
				SWIFT_VERSION = 5.0;
				TARGETED_DEVICE_FAMILY = "1,2";
				TEST_TARGET_NAME = customCell;
			};
			name = Release;
		};
/* End XCBuildConfiguration section */

/* Begin XCConfigurationList section */
		6961D8CF293E04BB009BE0A0 /* Build configuration list for PBXProject "customCell" */ = {
			isa = XCConfigurationList;
			buildConfigurations = (
				6961D8FC293E04C6009BE0A0 /* Debug */,
				6961D8FD293E04C6009BE0A0 /* Release */,
			);
			defaultConfigurationIsVisible = 0;
			defaultConfigurationName = Release;
		};
		6961D8FE293E04C6009BE0A0 /* Build configuration list for PBXNativeTarget "customCell" */ = {
			isa = XCConfigurationList;
			buildConfigurations = (
				6961D8FF293E04C6009BE0A0 /* Debug */,
				6961D900293E04C6009BE0A0 /* Release */,
			);
			defaultConfigurationIsVisible = 0;
			defaultConfigurationName = Release;
		};
		6961D901293E04C6009BE0A0 /* Build configuration list for PBXNativeTarget "customCellTests" */ = {
			isa = XCConfigurationList;
			buildConfigurations = (
				6961D902293E04C6009BE0A0 /* Debug */,
				6961D903293E04C6009BE0A0 /* Release */,
			);
			defaultConfigurationIsVisible = 0;
			defaultConfigurationName = Release;
		};
		6961D904293E04C6009BE0A0 /* Build configuration list for PBXNativeTarget "customCellUITests" */ = {
			isa = XCConfigurationList;
			buildConfigurations = (
				6961D905293E04C6009BE0A0 /* Debug */,
				6961D906293E04C6009BE0A0 /* Release */,
			);
			defaultConfigurationIsVisible = 0;
			defaultConfigurationName = Release;
		};
/* End XCConfigurationList section */
	};
	rootObject = 6961D8CC293E04BB009BE0A0 /* Project object */;
}
